
Microsoft Visual Studio Solution File, Format Version 12.00
# Visual Studio Version 17
VisualStudioVersion = 17.5.33530.505
MinimumVisualStudioVersion = 10.0.40219.1
Project("{FAE04EC0-301F-11D3-BF4B-00C04F79EFBC}") = "Video_Teca", "Video_Teca\Video_Teca.csproj", "{E72E50DF-A67E-4443-BC6E-458950548511}"
EndProject
Global
	GlobalSection(SolutionConfigurationPlatforms) = preSolution
		Debug|Any CPU = Debug|Any CPU
		Release|Any CPU = Release|Any CPU
	EndGlobalSection
	GlobalSection(ProjectConfigurationPlatforms) = postSolution
		{E72E50DF-A67E-4443-BC6E-458950548511}.Debug|Any CPU.ActiveCfg = Debug|Any CPU
		{E72E50DF-A67E-4443-BC6E-458950548511}.Debug|Any CPU.Build.0 = Debug|Any CPU
		{E72E50DF-A67E-4443-BC6E-458950548511}.Release|Any CPU.ActiveCfg = Release|Any CPU
		{E72E50DF-A67E-4443-BC6E-458950548511}.Release|Any CPU.Build.0 = Release|Any CPU
	EndGlobalSection
	GlobalSection(SolutionProperties) = preSolution
		HideSolutionNode = FALSE
	EndGlobalSection
	GlobalSection(ExtensibilityGlobals) = postSolution
		SolutionGuid = {848DECE9-E8B0-4C6F-97AD-9D349560354D}
	EndGlobalSection
EndGlobal
